{
    "_readme": [
        "This file locks the dependencies of your project to a known state",
        "Read more about it at http://getcomposer.org/doc/01-basic-usage.md#composer-lock-the-lock-file",
        "This file is @generated automatically"
    ],
    "hash": "a7ee5bdb37563e810fe8ab7a4cc5622a",
    "packages": [
        {
            "name": "mhor/php-mediainfo",
            "version": "1.6.0",
            "source": {
                "type": "git",
                "url": "https://github.com/mhor/php-mediainfo.git",
                "reference": "7edba90ffd500ab3744a48ace6e0e517151182e6"
            },
            "dist": {
                "type": "zip",
                "url": "https://api.github.com/repos/mhor/php-mediainfo/zipball/7edba90ffd500ab3744a48ace6e0e517151182e6",
                "reference": "7edba90ffd500ab3744a48ace6e0e517151182e6",
                "shasum": ""
            },
            "require": {
                "php": ">=5.3.3",
                "symfony/filesystem": "~2.3|~3.0",
                "symfony/process": "~2.3|~3.0"
            },
            "require-dev": {
                "phpunit/phpunit": "~4.0",
                "satooshi/php-coveralls": "0.7.*@dev",
                "squizlabs/php_codesniffer": "~2.0"
            },
            "type": "library",
            "extra": {
                "branch-alias": {
                    "dev-master": "2.0.x-dev"
                }
            },
            "autoload": {
                "psr-4": {
                    "Mhor\\MediaInfo\\": "src/"
                }
            },
            "notification-url": "https://packagist.org/downloads/",
            "license": [
                "MIT"
            ],
            "authors": [
                {
                    "name": "mhor",
                    "email": "maxime.horcholle@gmail.com"
                }
            ],
            "description": "PHP wrapper around the mediainfo command",
            "time": "2016-01-24 13:22:25"
        },
        {
            "name": "symfony/filesystem",
            "version": "v3.0.3",
            "source": {
                "type": "git",
                "url": "https://github.com/symfony/filesystem.git",
                "reference": "23ae8f9648d0a7fe94a47c8e20e5bf37c489a451"
            },
            "dist": {
                "type": "zip",
                "url": "https://api.github.com/repos/symfony/filesystem/zipball/23ae8f9648d0a7fe94a47c8e20e5bf37c489a451",
                "reference": "23ae8f9648d0a7fe94a47c8e20e5bf37c489a451",
                "shasum": ""
            },
            "require": {
                "php": ">=5.5.9"
            },
            "type": "library",
            "extra": {
                "branch-alias": {
                    "dev-master": "3.0-dev"
                }
            },
            "autoload": {
                "psr-4": {
                    "Symfony\\Component\\Filesystem\\": ""
                },
                "exclude-from-classmap": [
                    "/Tests/"
                ]
            },
            "notification-url": "https://packagist.org/downloads/",
            "license": [
                "MIT"
            ],
            "authors": [
                {
                    "name": "Fabien Potencier",
                    "email": "fabien@symfony.com"
                },
                {
                    "name": "Symfony Community",
                    "homepage": "https://symfony.com/contributors"
                }
            ],
            "description": "Symfony Filesystem Component",
            "homepage": "https://symfony.com",
            "time": "2016-02-23 15:16:06"
        },
        {
            "name": "symfony/process",
            "version": "v3.0.3",
            "source": {
                "type": "git",
                "url": "https://github.com/symfony/process.git",
                "reference": "dfecef47506179db2501430e732adbf3793099c8"
            },
            "dist": {
                "type": "zip",
                "url": "https://api.github.com/repos/symfony/process/zipball/dfecef47506179db2501430e732adbf3793099c8",
                "reference": "dfecef47506179db2501430e732adbf3793099c8",
                "shasum": ""
            },
            "require": {
                "php": ">=5.5.9"
            },
            "type": "library",
            "extra": {
                "branch-alias": {
                    "dev-master": "3.0-dev"
                }
            },
            "autoload": {
                "psr-4": {
                    "Symfony\\Component\\Process\\": ""
                },
                "exclude-from-classmap": [
                    "/Tests/"
                ]
            },
            "notification-url": "https://packagist.org/downloads/",
            "license": [
                "MIT"
            ],
            "authors": [
                {
                    "name": "Fabien Potencier",
                    "email": "fabien@symfony.com"
                },
                {
                    "name": "Symfony Community",
                    "homepage": "https://symfony.com/contributors"
                }
            ],
            "description": "Symfony Process Component",
            "homepage": "https://symfony.com",
            "time": "2016-02-02 13:44:19"
        }
    ],
    "packages-dev": [],
    "aliases": [],
    "minimum-stability": "stable",
    "stability-flags": [],
    "prefer-stable": false,
    "prefer-lowest": false,
    "platform": [],
    "platform-dev": []
}
